
Microsoft Visual Studio Solution File, Format Version 12.00
# Visual Studio Version 17
VisualStudioVersion = 17.9.34723.18
MinimumVisualStudioVersion = 10.0.40219.1
Project("{9A19103F-16F7-4668-BE54-9A1E7A4F7556}") = "TicketBookingSystem", "TicketBookingSystem.csproj", "{0B427873-64AE-486C-9835-098F125E9248}"
EndProject
Global
	GlobalSection(SolutionConfigurationPlatforms) = preSolution
		Debug|Any CPU = Debug|Any CPU
		Release|Any CPU = Release|Any CPU
	EndGlobalSection
	GlobalSection(ProjectConfigurationPlatforms) = postSolution
		{0B427873-64AE-486C-9835-098F125E9248}.Debug|Any CPU.ActiveCfg = Debug|Any CPU
		{0B427873-64AE-486C-9835-098F125E9248}.Debug|Any CPU.Build.0 = Debug|Any CPU
		{0B427873-64AE-486C-9835-098F125E9248}.Release|Any CPU.ActiveCfg = Release|Any CPU
		{0B427873-64AE-486C-9835-098F125E9248}.Release|Any CPU.Build.0 = Release|Any CPU
	EndGlobalSection
	GlobalSection(SolutionProperties) = preSolution
		HideSolutionNode = FALSE
	EndGlobalSection
	GlobalSection(ExtensibilityGlobals) = postSolution
		SolutionGuid = {A953A413-893E-4CA1-9B7B-DF93D448F7F0}
	EndGlobalSection
EndGlobal
